
Microsoft Visual Studio Solution File, Format Version 12.00
# Visual Studio Version 17
VisualStudioVersion = 17.14.36221.1 d17.14
MinimumVisualStudioVersion = 10.0.40219.1
Project("{FAE04EC0-301F-11D3-BF4B-00C04F79EFBC}") = "PruebaBack_Senegocia", "PruebaBack_Senegocia\PruebaBack_Senegocia.csproj", "{6FE6A3AF-94B2-4D7E-A180-6C0619446F9C}"
EndProject
Global
	GlobalSection(SolutionConfigurationPlatforms) = preSolution
		Debug|Any CPU = Debug|Any CPU
		Release|Any CPU = Release|Any CPU
	EndGlobalSection
	GlobalSection(ProjectConfigurationPlatforms) = postSolution
		{6FE6A3AF-94B2-4D7E-A180-6C0619446F9C}.Debug|Any CPU.ActiveCfg = Debug|Any CPU
		{6FE6A3AF-94B2-4D7E-A180-6C0619446F9C}.Debug|Any CPU.Build.0 = Debug|Any CPU
		{6FE6A3AF-94B2-4D7E-A180-6C0619446F9C}.Release|Any CPU.ActiveCfg = Release|Any CPU
		{6FE6A3AF-94B2-4D7E-A180-6C0619446F9C}.Release|Any CPU.Build.0 = Release|Any CPU
	EndGlobalSection
	GlobalSection(SolutionProperties) = preSolution
		HideSolutionNode = FALSE
	EndGlobalSection
	GlobalSection(ExtensibilityGlobals) = postSolution
		SolutionGuid = {7ADC4E67-8363-4F0E-BDF6-F335CF55A26D}
	EndGlobalSection
EndGlobal
